
Microsoft Visual Studio Solution File, Format Version 12.00
# Visual Studio Version 17
VisualStudioVersion = 17.0.31903.59
MinimumVisualStudioVersion = 10.0.40219.1
Project("{2150E333-8FDC-42A3-9474-1A3956D46DE8}") = "src", "src", "{827E0CD3-B72D-47B6-A68D-7590B98EB39B}"
EndProject
Project("{FAE04EC0-301F-11D3-BF4B-00C04F79EFBC}") = "PaintTint.Core", "src\PaintTint.Core\PaintTint.Core.csproj", "{FA3402BB-B8E6-4C5C-9B5A-40D859EACA7E}"
EndProject
Project("{FAE04EC0-301F-11D3-BF4B-00C04F79EFBC}") = "PaintTint.Infrastructure", "src\PaintTint.Infrastructure\PaintTint.Infrastructure.csproj", "{82AD80A0-7157-4146-BD96-8F61376413ED}"
EndProject
Project("{FAE04EC0-301F-11D3-BF4B-00C04F79EFBC}") = "PaintTint.Api", "src\PaintTint.Api\PaintTint.Api.csproj", "{DD08A5CA-6E40-401E-843C-3B3794A7BD75}"
EndProject
Project("{FAE04EC0-301F-11D3-BF4B-00C04F79EFBC}") = "PaintTint.Wpf", "src\PaintTint.Wpf\PaintTint.Wpf.csproj", "{2776940F-8F0D-434E-BAE5-6682C3786A59}"
EndProject
Project("{2150E333-8FDC-42A3-9474-1A3956D46DE8}") = "tests", "tests", "{0AB3BF05-4346-4AA6-1389-037BE0695223}"
EndProject
Project("{FAE04EC0-301F-11D3-BF4B-00C04F79EFBC}") = "PaintTint.Tests", "tests\PaintTint.Tests\PaintTint.Tests.csproj", "{810C7909-455F-4A3C-A09A-81C0230C8FAC}"
EndProject
Global
	GlobalSection(SolutionConfigurationPlatforms) = preSolution
		Debug|Any CPU = Debug|Any CPU
		Debug|x64 = Debug|x64
		Debug|x86 = Debug|x86
		Release|Any CPU = Release|Any CPU
		Release|x64 = Release|x64
		Release|x86 = Release|x86
	EndGlobalSection
	GlobalSection(ProjectConfigurationPlatforms) = postSolution
		{FA3402BB-B8E6-4C5C-9B5A-40D859EACA7E}.Debug|Any CPU.ActiveCfg = Debug|Any CPU
		{FA3402BB-B8E6-4C5C-9B5A-40D859EACA7E}.Debug|Any CPU.Build.0 = Debug|Any CPU
		{FA3402BB-B8E6-4C5C-9B5A-40D859EACA7E}.Debug|x64.ActiveCfg = Debug|Any CPU
		{FA3402BB-B8E6-4C5C-9B5A-40D859EACA7E}.Debug|x64.Build.0 = Debug|Any CPU
		{FA3402BB-B8E6-4C5C-9B5A-40D859EACA7E}.Debug|x86.ActiveCfg = Debug|Any CPU
		{FA3402BB-B8E6-4C5C-9B5A-40D859EACA7E}.Debug|x86.Build.0 = Debug|Any CPU
		{FA3402BB-B8E6-4C5C-9B5A-40D859EACA7E}.Release|Any CPU.ActiveCfg = Release|Any CPU
		{FA3402BB-B8E6-4C5C-9B5A-40D859EACA7E}.Release|Any CPU.Build.0 = Release|Any CPU
		{FA3402BB-B8E6-4C5C-9B5A-40D859EACA7E}.Release|x64.ActiveCfg = Release|Any CPU
		{FA3402BB-B8E6-4C5C-9B5A-40D859EACA7E}.Release|x64.Build.0 = Release|Any CPU
		{FA3402BB-B8E6-4C5C-9B5A-40D859EACA7E}.Release|x86.ActiveCfg = Release|Any CPU
		{FA3402BB-B8E6-4C5C-9B5A-40D859EACA7E}.Release|x86.Build.0 = Release|Any CPU
		{82AD80A0-7157-4146-BD96-8F61376413ED}.Debug|Any CPU.ActiveCfg = Debug|Any CPU
		{82AD80A0-7157-4146-BD96-8F61376413ED}.Debug|Any CPU.Build.0 = Debug|Any CPU
		{82AD80A0-7157-4146-BD96-8F61376413ED}.Debug|x64.ActiveCfg = Debug|Any CPU
		{82AD80A0-7157-4146-BD96-8F61376413ED}.Debug|x64.Build.0 = Debug|Any CPU
		{82AD80A0-7157-4146-BD96-8F61376413ED}.Debug|x86.ActiveCfg = Debug|Any CPU
		{82AD80A0-7157-4146-BD96-8F61376413ED}.Debug|x86.Build.0 = Debug|Any CPU
		{82AD80A0-7157-4146-BD96-8F61376413ED}.Release|Any CPU.ActiveCfg = Release|Any CPU
		{82AD80A0-7157-4146-BD96-8F61376413ED}.Release|Any CPU.Build.0 = Release|Any CPU
		{82AD80A0-7157-4146-BD96-8F61376413ED}.Release|x64.ActiveCfg = Release|Any CPU
		{82AD80A0-7157-4146-BD96-8F61376413ED}.Release|x64.Build.0 = Release|Any CPU
		{82AD80A0-7157-4146-BD96-8F61376413ED}.Release|x86.ActiveCfg = Release|Any CPU
		{82AD80A0-7157-4146-BD96-8F61376413ED}.Release|x86.Build.0 = Release|Any CPU
		{DD08A5CA-6E40-401E-843C-3B3794A7BD75}.Debug|Any CPU.ActiveCfg = Debug|Any CPU
		{DD08A5CA-6E40-401E-843C-3B3794A7BD75}.Debug|Any CPU.Build.0 = Debug|Any CPU
		{DD08A5CA-6E40-401E-843C-3B3794A7BD75}.Debug|x64.ActiveCfg = Debug|Any CPU
		{DD08A5CA-6E40-401E-843C-3B3794A7BD75}.Debug|x64.Build.0 = Debug|Any CPU
		{DD08A5CA-6E40-401E-843C-3B3794A7BD75}.Debug|x86.ActiveCfg = Debug|Any CPU
		{DD08A5CA-6E40-401E-843C-3B3794A7BD75}.Debug|x86.Build.0 = Debug|Any CPU
		{DD08A5CA-6E40-401E-843C-3B3794A7BD75}.Release|Any CPU.ActiveCfg = Release|Any CPU
		{DD08A5CA-6E40-401E-843C-3B3794A7BD75}.Release|Any CPU.Build.0 = Release|Any CPU
		{DD08A5CA-6E40-401E-843C-3B3794A7BD75}.Release|x64.ActiveCfg = Release|Any CPU
		{DD08A5CA-6E40-401E-843C-3B3794A7BD75}.Release|x64.Build.0 = Release|Any CPU
		{DD08A5CA-6E40-401E-843C-3B3794A7BD75}.Release|x86.ActiveCfg = Release|Any CPU
		{DD08A5CA-6E40-401E-843C-3B3794A7BD75}.Release|x86.Build.0 = Release|Any CPU
		{2776940F-8F0D-434E-BAE5-6682C3786A59}.Debug|Any CPU.ActiveCfg = Debug|Any CPU
		{2776940F-8F0D-434E-BAE5-6682C3786A59}.Debug|Any CPU.Build.0 = Debug|Any CPU
		{2776940F-8F0D-434E-BAE5-6682C3786A59}.Debug|x64.ActiveCfg = Debug|Any CPU
		{2776940F-8F0D-434E-BAE5-6682C3786A59}.Debug|x64.Build.0 = Debug|Any CPU
		{2776940F-8F0D-434E-BAE5-6682C3786A59}.Debug|x86.ActiveCfg = Debug|Any CPU
		{2776940F-8F0D-434E-BAE5-6682C3786A59}.Debug|x86.Build.0 = Debug|Any CPU
		{2776940F-8F0D-434E-BAE5-6682C3786A59}.Release|Any CPU.ActiveCfg = Release|Any CPU
		{2776940F-8F0D-434E-BAE5-6682C3786A59}.Release|Any CPU.Build.0 = Release|Any CPU
		{2776940F-8F0D-434E-BAE5-6682C3786A59}.Release|x64.ActiveCfg = Release|Any CPU
		{2776940F-8F0D-434E-BAE5-6682C3786A59}.Release|x64.Build.0 = Release|Any CPU
		{2776940F-8F0D-434E-BAE5-6682C3786A59}.Release|x86.ActiveCfg = Release|Any CPU
		{2776940F-8F0D-434E-BAE5-6682C3786A59}.Release|x86.Build.0 = Release|Any CPU
		{810C7909-455F-4A3C-A09A-81C0230C8FAC}.Debug|Any CPU.ActiveCfg = Debug|Any CPU
		{810C7909-455F-4A3C-A09A-81C0230C8FAC}.Debug|Any CPU.Build.0 = Debug|Any CPU
		{810C7909-455F-4A3C-A09A-81C0230C8FAC}.Debug|x64.ActiveCfg = Debug|Any CPU
		{810C7909-455F-4A3C-A09A-81C0230C8FAC}.Debug|x64.Build.0 = Debug|Any CPU
		{810C7909-455F-4A3C-A09A-81C0230C8FAC}.Debug|x86.ActiveCfg = Debug|Any CPU
		{810C7909-455F-4A3C-A09A-81C0230C8FAC}.Debug|x86.Build.0 = Debug|Any CPU
		{810C7909-455F-4A3C-A09A-81C0230C8FAC}.Release|Any CPU.ActiveCfg = Release|Any CPU
		{810C7909-455F-4A3C-A09A-81C0230C8FAC}.Release|Any CPU.Build.0 = Release|Any CPU
		{810C7909-455F-4A3C-A09A-81C0230C8FAC}.Release|x64.ActiveCfg = Release|Any CPU
		{810C7909-455F-4A3C-A09A-81C0230C8FAC}.Release|x64.Build.0 = Release|Any CPU
		{810C7909-455F-4A3C-A09A-81C0230C8FAC}.Release|x86.ActiveCfg = Release|Any CPU
		{810C7909-455F-4A3C-A09A-81C0230C8FAC}.Release|x86.Build.0 = Release|Any CPU
	EndGlobalSection
	GlobalSection(SolutionProperties) = preSolution
		HideSolutionNode = FALSE
	EndGlobalSection
	GlobalSection(NestedProjects) = preSolution
		{FA3402BB-B8E6-4C5C-9B5A-40D859EACA7E} = {827E0CD3-B72D-47B6-A68D-7590B98EB39B}
		{82AD80A0-7157-4146-BD96-8F61376413ED} = {827E0CD3-B72D-47B6-A68D-7590B98EB39B}
		{DD08A5CA-6E40-401E-843C-3B3794A7BD75} = {827E0CD3-B72D-47B6-A68D-7590B98EB39B}
		{2776940F-8F0D-434E-BAE5-6682C3786A59} = {827E0CD3-B72D-47B6-A68D-7590B98EB39B}
		{810C7909-455F-4A3C-A09A-81C0230C8FAC} = {0AB3BF05-4346-4AA6-1389-037BE0695223}
	EndGlobalSection
EndGlobal
